
Microsoft Visual Studio Solution File, Format Version 12.00
# Visual Studio Version 16
VisualStudioVersion = 16.0.31205.134
MinimumVisualStudioVersion = 10.0.40219.1
Project("{9A19103F-16F7-4668-BE54-9A1E7A4F7556}") = "PrimoEsame", "PrimoEsame\PrimoEsame.csproj", "{0FF528F8-3911-46D0-BAC7-CE78A33B2B31}"
EndProject
Global
	GlobalSection(SolutionConfigurationPlatforms) = preSolution
		Debug|Any CPU = Debug|Any CPU
		Release|Any CPU = Release|Any CPU
	EndGlobalSection
	GlobalSection(ProjectConfigurationPlatforms) = postSolution
		{0FF528F8-3911-46D0-BAC7-CE78A33B2B31}.Debug|Any CPU.ActiveCfg = Debug|Any CPU
		{0FF528F8-3911-46D0-BAC7-CE78A33B2B31}.Debug|Any CPU.Build.0 = Debug|Any CPU
		{0FF528F8-3911-46D0-BAC7-CE78A33B2B31}.Release|Any CPU.ActiveCfg = Release|Any CPU
		{0FF528F8-3911-46D0-BAC7-CE78A33B2B31}.Release|Any CPU.Build.0 = Release|Any CPU
	EndGlobalSection
	GlobalSection(SolutionProperties) = preSolution
		HideSolutionNode = FALSE
	EndGlobalSection
	GlobalSection(ExtensibilityGlobals) = postSolution
		SolutionGuid = {77208347-3E62-4496-80C1-C2C261726B84}
	EndGlobalSection
EndGlobal
